// !$*UTF8*$!
{
	archiveVersion = 1;
	classes = {
	};
	objectVersion = 56;
	objects = {

/* Begin PBXBuildFile section */
		B00100000000000000000001 /* SFERAApp.swift in Sources */ = {isa = PBXBuildFile; fileRef = F00100000000000000000001 /* SFERAApp.swift */; };
		B00100000000000000000002 /* ContentView.swift in Sources */ = {isa = PBXBuildFile; fileRef = F00100000000000000000002 /* ContentView.swift */; };
		B00100000000000000000003 /* Config.swift in Sources */ = {isa = PBXBuildFile; fileRef = F00100000000000000000003 /* Config.swift */; };
		B00100000000000000000004 /* AuthManager.swift in Sources */ = {isa = PBXBuildFile; fileRef = F00100000000000000000004 /* AuthManager.swift */; };
		B00100000000000000000005 /* KeychainStorage.swift in Sources */ = {isa = PBXBuildFile; fileRef = F00100000000000000000005 /* KeychainStorage.swift */; };
		B00100000000000000000006 /* DesignTokens.swift in Sources */ = {isa = PBXBuildFile; fileRef = F00100000000000000000006 /* DesignTokens.swift */; };
		B00100000000000000000007 /* ThemeManager.swift in Sources */ = {isa = PBXBuildFile; fileRef = F00100000000000000000007 /* ThemeManager.swift */; };
		B00100000000000000000008 /* SferaTextFieldStyle.swift in Sources */ = {isa = PBXBuildFile; fileRef = F00100000000000000000008 /* SferaTextFieldStyle.swift */; };
		B00100000000000000000009 /* APIClient.swift in Sources */ = {isa = PBXBuildFile; fileRef = F00100000000000000000009 /* APIClient.swift */; };
		B0010000000000000000000A /* AuthService.swift in Sources */ = {isa = PBXBuildFile; fileRef = F0010000000000000000000A /* AuthService.swift */; };
		B0010000000000000000000B /* ContentService.swift in Sources */ = {isa = PBXBuildFile; fileRef = F0010000000000000000000B /* ContentService.swift */; };
		B0010000000000000000000C /* DigestService.swift in Sources */ = {isa = PBXBuildFile; fileRef = F0010000000000000000000C /* DigestService.swift */; };
		B0010000000000000000000D /* MeService.swift in Sources */ = {isa = PBXBuildFile; fileRef = F0010000000000000000000D /* MeService.swift */; };
		B0010000000000000000000E /* MessagesService.swift in Sources */ = {isa = PBXBuildFile; fileRef = F0010000000000000000000E /* MessagesService.swift */; };
		B0010000000000000000000F /* MindMapsService.swift in Sources */ = {isa = PBXBuildFile; fileRef = F0010000000000000000000F /* MindMapsService.swift */; };
		B00100000000000000000010 /* NotificationsService.swift in Sources */ = {isa = PBXBuildFile; fileRef = F00100000000000000000010 /* NotificationsService.swift */; };
		B00100000000000000000011 /* RoomsService.swift in Sources */ = {isa = PBXBuildFile; fileRef = F00100000000000000000011 /* RoomsService.swift */; };
		B00100000000000000000012 /* UniversesService.swift in Sources */ = {isa = PBXBuildFile; fileRef = F00100000000000000000012 /* UniversesService.swift */; };
		B00100000000000000000013 /* WebSocketService.swift in Sources */ = {isa = PBXBuildFile; fileRef = F00100000000000000000013 /* WebSocketService.swift */; };
		B00100000000000000000014 /* SignInView.swift in Sources */ = {isa = PBXBuildFile; fileRef = F00100000000000000000014 /* SignInView.swift */; };
		B00100000000000000000015 /* ContentCardView.swift in Sources */ = {isa = PBXBuildFile; fileRef = F00100000000000000000015 /* ContentCardView.swift */; };
		B00100000000000000000016 /* ContentDetailScreen.swift in Sources */ = {isa = PBXBuildFile; fileRef = F00100000000000000000016 /* ContentDetailScreen.swift */; };
		B00100000000000000000017 /* DigestTab.swift in Sources */ = {isa = PBXBuildFile; fileRef = F00100000000000000000017 /* DigestTab.swift */; };
		B00100000000000000000018 /* MeContentScreen.swift in Sources */ = {isa = PBXBuildFile; fileRef = F00100000000000000000018 /* MeContentScreen.swift */; };
		B00100000000000000000019 /* MeTab.swift in Sources */ = {isa = PBXBuildFile; fileRef = F00100000000000000000019 /* MeTab.swift */; };
		B0010000000000000000001A /* UserContentCardView.swift in Sources */ = {isa = PBXBuildFile; fileRef = F0010000000000000000001A /* UserContentCardView.swift */; };
		B0010000000000000000001B /* DMChatScreen.swift in Sources */ = {isa = PBXBuildFile; fileRef = F0010000000000000000001B /* DMChatScreen.swift */; };
		B0010000000000000000001C /* GroupChatScreen.swift in Sources */ = {isa = PBXBuildFile; fileRef = F0010000000000000000001C /* GroupChatScreen.swift */; };
		B0010000000000000000001D /* MessagesTab.swift in Sources */ = {isa = PBXBuildFile; fileRef = F0010000000000000000001D /* MessagesTab.swift */; };
		B0010000000000000000001E /* MindMapEditorScreen.swift in Sources */ = {isa = PBXBuildFile; fileRef = F0010000000000000000001E /* MindMapEditorScreen.swift */; };
		B0010000000000000000001F /* MindMapsListScreen.swift in Sources */ = {isa = PBXBuildFile; fileRef = F0010000000000000000001F /* MindMapsListScreen.swift */; };
		B00100000000000000000020 /* RoomsListScreen.swift in Sources */ = {isa = PBXBuildFile; fileRef = F00100000000000000000020 /* RoomsListScreen.swift */; };
		B00100000000000000000021 /* RoomViewScreen.swift in Sources */ = {isa = PBXBuildFile; fileRef = F00100000000000000000021 /* RoomViewScreen.swift */; };
		B00100000000000000000022 /* SettingsTab.swift in Sources */ = {isa = PBXBuildFile; fileRef = F00100000000000000000022 /* SettingsTab.swift */; };
		B00100000000000000000023 /* UniverseContentScreen.swift in Sources */ = {isa = PBXBuildFile; fileRef = F00100000000000000000023 /* UniverseContentScreen.swift */; };
		B00100000000000000000024 /* UniverseRow.swift in Sources */ = {isa = PBXBuildFile; fileRef = F00100000000000000000024 /* UniverseRow.swift */; };
		B00100000000000000000025 /* UniversesTab.swift in Sources */ = {isa = PBXBuildFile; fileRef = F00100000000000000000025 /* UniversesTab.swift */; };
		B00100000000000000000026 /* Content.swift in Sources */ = {isa = PBXBuildFile; fileRef = F00100000000000000000026 /* Content.swift */; };
		B00100000000000000000027 /* Digest.swift in Sources */ = {isa = PBXBuildFile; fileRef = F00100000000000000000027 /* Digest.swift */; };
		B00100000000000000000028 /* Message.swift in Sources */ = {isa = PBXBuildFile; fileRef = F00100000000000000000028 /* Message.swift */; };
		B00100000000000000000029 /* MindMap.swift in Sources */ = {isa = PBXBuildFile; fileRef = F00100000000000000000029 /* MindMap.swift */; };
		B0010000000000000000002A /* Room.swift in Sources */ = {isa = PBXBuildFile; fileRef = F0010000000000000000002A /* Room.swift */; };
		B0010000000000000000002B /* Universe.swift in Sources */ = {isa = PBXBuildFile; fileRef = F0010000000000000000002B /* Universe.swift */; };
		B0010000000000000000002C /* SferaLogoView.swift in Sources */ = {isa = PBXBuildFile; fileRef = F0010000000000000000002C /* SferaLogoView.swift */; };
/* End PBXBuildFile section */

/* Begin PBXFileReference section */
		F00100000000000000000001 /* SFERAApp.swift */ = {isa = PBXFileReference; lastKnownFileType = sourcecode.swift; path = SFERAApp.swift; sourceTree = "<group>"; };
		F00100000000000000000002 /* ContentView.swift */ = {isa = PBXFileReference; lastKnownFileType = sourcecode.swift; path = ContentView.swift; sourceTree = "<group>"; };
		F00100000000000000000003 /* Config.swift */ = {isa = PBXFileReference; lastKnownFileType = sourcecode.swift; path = Config.swift; sourceTree = "<group>"; };
		F00100000000000000000004 /* AuthManager.swift */ = {isa = PBXFileReference; lastKnownFileType = sourcecode.swift; path = AuthManager.swift; sourceTree = "<group>"; };
		F00100000000000000000005 /* KeychainStorage.swift */ = {isa = PBXFileReference; lastKnownFileType = sourcecode.swift; path = KeychainStorage.swift; sourceTree = "<group>"; };
		F00100000000000000000006 /* DesignTokens.swift */ = {isa = PBXFileReference; lastKnownFileType = sourcecode.swift; path = DesignTokens.swift; sourceTree = "<group>"; };
		F00100000000000000000007 /* ThemeManager.swift */ = {isa = PBXFileReference; lastKnownFileType = sourcecode.swift; path = ThemeManager.swift; sourceTree = "<group>"; };
		F00100000000000000000008 /* SferaTextFieldStyle.swift */ = {isa = PBXFileReference; lastKnownFileType = sourcecode.swift; path = SferaTextFieldStyle.swift; sourceTree = "<group>"; };
		F00100000000000000000009 /* APIClient.swift */ = {isa = PBXFileReference; lastKnownFileType = sourcecode.swift; path = APIClient.swift; sourceTree = "<group>"; };
		F0010000000000000000000A /* AuthService.swift */ = {isa = PBXFileReference; lastKnownFileType = sourcecode.swift; path = AuthService.swift; sourceTree = "<group>"; };
		F0010000000000000000000B /* ContentService.swift */ = {isa = PBXFileReference; lastKnownFileType = sourcecode.swift; path = ContentService.swift; sourceTree = "<group>"; };
		F0010000000000000000000C /* DigestService.swift */ = {isa = PBXFileReference; lastKnownFileType = sourcecode.swift; path = DigestService.swift; sourceTree = "<group>"; };
		F0010000000000000000000D /* MeService.swift */ = {isa = PBXFileReference; lastKnownFileType = sourcecode.swift; path = MeService.swift; sourceTree = "<group>"; };
		F0010000000000000000000E /* MessagesService.swift */ = {isa = PBXFileReference; lastKnownFileType = sourcecode.swift; path = MessagesService.swift; sourceTree = "<group>"; };
		F0010000000000000000000F /* MindMapsService.swift */ = {isa = PBXFileReference; lastKnownFileType = sourcecode.swift; path = MindMapsService.swift; sourceTree = "<group>"; };
		F00100000000000000000010 /* NotificationsService.swift */ = {isa = PBXFileReference; lastKnownFileType = sourcecode.swift; path = NotificationsService.swift; sourceTree = "<group>"; };
		F00100000000000000000011 /* RoomsService.swift */ = {isa = PBXFileReference; lastKnownFileType = sourcecode.swift; path = RoomsService.swift; sourceTree = "<group>"; };
		F00100000000000000000012 /* UniversesService.swift */ = {isa = PBXFileReference; lastKnownFileType = sourcecode.swift; path = UniversesService.swift; sourceTree = "<group>"; };
		F00100000000000000000013 /* WebSocketService.swift */ = {isa = PBXFileReference; lastKnownFileType = sourcecode.swift; path = WebSocketService.swift; sourceTree = "<group>"; };
		F00100000000000000000014 /* SignInView.swift */ = {isa = PBXFileReference; lastKnownFileType = sourcecode.swift; path = SignInView.swift; sourceTree = "<group>"; };
		F00100000000000000000015 /* ContentCardView.swift */ = {isa = PBXFileReference; lastKnownFileType = sourcecode.swift; path = ContentCardView.swift; sourceTree = "<group>"; };
		F00100000000000000000016 /* ContentDetailScreen.swift */ = {isa = PBXFileReference; lastKnownFileType = sourcecode.swift; path = ContentDetailScreen.swift; sourceTree = "<group>"; };
		F00100000000000000000017 /* DigestTab.swift */ = {isa = PBXFileReference; lastKnownFileType = sourcecode.swift; path = DigestTab.swift; sourceTree = "<group>"; };
		F00100000000000000000018 /* MeContentScreen.swift */ = {isa = PBXFileReference; lastKnownFileType = sourcecode.swift; path = MeContentScreen.swift; sourceTree = "<group>"; };
		F00100000000000000000019 /* MeTab.swift */ = {isa = PBXFileReference; lastKnownFileType = sourcecode.swift; path = MeTab.swift; sourceTree = "<group>"; };
		F0010000000000000000001A /* UserContentCardView.swift */ = {isa = PBXFileReference; lastKnownFileType = sourcecode.swift; path = UserContentCardView.swift; sourceTree = "<group>"; };
		F0010000000000000000001B /* DMChatScreen.swift */ = {isa = PBXFileReference; lastKnownFileType = sourcecode.swift; path = DMChatScreen.swift; sourceTree = "<group>"; };
		F0010000000000000000001C /* GroupChatScreen.swift */ = {isa = PBXFileReference; lastKnownFileType = sourcecode.swift; path = GroupChatScreen.swift; sourceTree = "<group>"; };
		F0010000000000000000001D /* MessagesTab.swift */ = {isa = PBXFileReference; lastKnownFileType = sourcecode.swift; path = MessagesTab.swift; sourceTree = "<group>"; };
		F0010000000000000000001E /* MindMapEditorScreen.swift */ = {isa = PBXFileReference; lastKnownFileType = sourcecode.swift; path = MindMapEditorScreen.swift; sourceTree = "<group>"; };
		F0010000000000000000001F /* MindMapsListScreen.swift */ = {isa = PBXFileReference; lastKnownFileType = sourcecode.swift; path = MindMapsListScreen.swift; sourceTree = "<group>"; };
		F00100000000000000000020 /* RoomsListScreen.swift */ = {isa = PBXFileReference; lastKnownFileType = sourcecode.swift; path = RoomsListScreen.swift; sourceTree = "<group>"; };
		F00100000000000000000021 /* RoomViewScreen.swift */ = {isa = PBXFileReference; lastKnownFileType = sourcecode.swift; path = RoomViewScreen.swift; sourceTree = "<group>"; };
		F00100000000000000000022 /* SettingsTab.swift */ = {isa = PBXFileReference; lastKnownFileType = sourcecode.swift; path = SettingsTab.swift; sourceTree = "<group>"; };
		F00100000000000000000023 /* UniverseContentScreen.swift */ = {isa = PBXFileReference; lastKnownFileType = sourcecode.swift; path = UniverseContentScreen.swift; sourceTree = "<group>"; };
		F00100000000000000000024 /* UniverseRow.swift */ = {isa = PBXFileReference; lastKnownFileType = sourcecode.swift; path = UniverseRow.swift; sourceTree = "<group>"; };
		F00100000000000000000025 /* UniversesTab.swift */ = {isa = PBXFileReference; lastKnownFileType = sourcecode.swift; path = UniversesTab.swift; sourceTree = "<group>"; };
		F00100000000000000000026 /* Content.swift */ = {isa = PBXFileReference; lastKnownFileType = sourcecode.swift; path = Content.swift; sourceTree = "<group>"; };
		F00100000000000000000027 /* Digest.swift */ = {isa = PBXFileReference; lastKnownFileType = sourcecode.swift; path = Digest.swift; sourceTree = "<group>"; };
		F00100000000000000000028 /* Message.swift */ = {isa = PBXFileReference; lastKnownFileType = sourcecode.swift; path = Message.swift; sourceTree = "<group>"; };
		F00100000000000000000029 /* MindMap.swift */ = {isa = PBXFileReference; lastKnownFileType = sourcecode.swift; path = MindMap.swift; sourceTree = "<group>"; };
		F0010000000000000000002A /* Room.swift */ = {isa = PBXFileReference; lastKnownFileType = sourcecode.swift; path = Room.swift; sourceTree = "<group>"; };
		F0010000000000000000002B /* Universe.swift */ = {isa = PBXFileReference; lastKnownFileType = sourcecode.swift; path = Universe.swift; sourceTree = "<group>"; };
		F0010000000000000000002C /* SferaLogoView.swift */ = {isa = PBXFileReference; lastKnownFileType = sourcecode.swift; path = SferaLogoView.swift; sourceTree = "<group>"; };
		P00100000000000000000001 /* SFERA.app */ = {isa = PBXFileReference; explicitFileType = wrapper.application; includeInIndex = 0; path = SFERA.app; sourceTree = BUILT_PRODUCTS_DIR; };
/* End PBXFileReference section */

/* Begin PBXFrameworksBuildPhase section */
		E00100000000000000000001 /* Frameworks */ = {
			isa = PBXFrameworksBuildPhase;
			buildActionMask = 2147483647;
			files = (
			);
			runOnlyForDeploymentPostprocessing = 0;
		};
/* End PBXFrameworksBuildPhase section */

/* Begin PBXGroup section */
		G00100000000000000000001 = {
			isa = PBXGroup;
			children = (
				G00100000000000000000002 /* SFERA */,
				P00100000000000000000001 /* SFERA.app */,
			);
			sourceTree = "<group>";
		};
		G00100000000000000000002 /* SFERA */ = {
			isa = PBXGroup;
			children = (
				G00100000000000000000003 /* App */,
				G00100000000000000000004 /* Config */,
				G00100000000000000000005 /* Core */,
				G00100000000000000000006 /* Features */,
				G00100000000000000000007 /* Models */,
				G00100000000000000000008 /* Shared */,
			);
			path = SFERA;
			sourceTree = "<group>";
		};
		G00100000000000000000003 /* App */ = {
			isa = PBXGroup;
			children = (
				F00100000000000000000001 /* SFERAApp.swift */,
				F00100000000000000000002 /* ContentView.swift */,
			);
			path = App;
			sourceTree = "<group>";
		};
		G00100000000000000000004 /* Config */ = {
			isa = PBXGroup;
			children = (
				F00100000000000000000003 /* Config.swift */,
			);
			path = Config;
			sourceTree = "<group>";
		};
		G00100000000000000000005 /* Core */ = {
			isa = PBXGroup;
			children = (
				G00100000000000000000009 /* Auth */,
				G0010000000000000000000A /* Design */,
				G0010000000000000000000B /* Network */,
			);
			path = Core;
			sourceTree = "<group>";
		};
		G00100000000000000000006 /* Features */ = {
			isa = PBXGroup;
			children = (
				G0010000000000000000000C /* Auth */,
				G0010000000000000000000D /* Content */,
				G0010000000000000000000E /* Digest */,
				G0010000000000000000000F /* Me */,
				G00100000000000000000010 /* Messages */,
				G00100000000000000000011 /* MindMaps */,
				G00100000000000000000012 /* Rooms */,
				G00100000000000000000013 /* Settings */,
				G00100000000000000000014 /* Universes */,
			);
			path = Features;
			sourceTree = "<group>";
		};
		G00100000000000000000007 /* Models */ = {
			isa = PBXGroup;
			children = (
				F00100000000000000000026 /* Content.swift */,
				F00100000000000000000027 /* Digest.swift */,
				F00100000000000000000028 /* Message.swift */,
				F00100000000000000000029 /* MindMap.swift */,
				F0010000000000000000002A /* Room.swift */,
				F0010000000000000000002B /* Universe.swift */,
			);
			path = Models;
			sourceTree = "<group>";
		};
		G00100000000000000000008 /* Shared */ = {
			isa = PBXGroup;
			children = (
				F0010000000000000000002C /* SferaLogoView.swift */,
			);
			path = Shared;
			sourceTree = "<group>";
		};
		G00100000000000000000009 /* Auth */ = {
			isa = PBXGroup;
			children = (
				F00100000000000000000004 /* AuthManager.swift */,
				F00100000000000000000005 /* KeychainStorage.swift */,
			);
			path = Auth;
			sourceTree = "<group>";
		};
		G0010000000000000000000A /* Design */ = {
			isa = PBXGroup;
			children = (
				F00100000000000000000006 /* DesignTokens.swift */,
				F00100000000000000000007 /* ThemeManager.swift */,
				G00100000000000000000015 /* Components */,
			);
			path = Design;
			sourceTree = "<group>";
		};
		G0010000000000000000000B /* Network */ = {
			isa = PBXGroup;
			children = (
				F00100000000000000000009 /* APIClient.swift */,
				F0010000000000000000000A /* AuthService.swift */,
				F0010000000000000000000B /* ContentService.swift */,
				F0010000000000000000000C /* DigestService.swift */,
				F0010000000000000000000D /* MeService.swift */,
				F0010000000000000000000E /* MessagesService.swift */,
				F0010000000000000000000F /* MindMapsService.swift */,
				F00100000000000000000010 /* NotificationsService.swift */,
				F00100000000000000000011 /* RoomsService.swift */,
				F00100000000000000000012 /* UniversesService.swift */,
				F00100000000000000000013 /* WebSocketService.swift */,
			);
			path = Network;
			sourceTree = "<group>";
		};
		G0010000000000000000000C /* Auth */ = {
			isa = PBXGroup;
			children = (
				F00100000000000000000014 /* SignInView.swift */,
			);
			path = Auth;
			sourceTree = "<group>";
		};
		G0010000000000000000000D /* Content */ = {
			isa = PBXGroup;
			children = (
				F00100000000000000000015 /* ContentCardView.swift */,
				F00100000000000000000016 /* ContentDetailScreen.swift */,
			);
			path = Content;
			sourceTree = "<group>";
		};
		G0010000000000000000000E /* Digest */ = {
			isa = PBXGroup;
			children = (
				F00100000000000000000017 /* DigestTab.swift */,
			);
			path = Digest;
			sourceTree = "<group>";
		};
		G0010000000000000000000F /* Me */ = {
			isa = PBXGroup;
			children = (
				F00100000000000000000018 /* MeContentScreen.swift */,
				F00100000000000000000019 /* MeTab.swift */,
				F0010000000000000000001A /* UserContentCardView.swift */,
			);
			path = Me;
			sourceTree = "<group>";
		};
		G00100000000000000000010 /* Messages */ = {
			isa = PBXGroup;
			children = (
				F0010000000000000000001B /* DMChatScreen.swift */,
				F0010000000000000000001C /* GroupChatScreen.swift */,
				F0010000000000000000001D /* MessagesTab.swift */,
			);
			path = Messages;
			sourceTree = "<group>";
		};
		G00100000000000000000011 /* MindMaps */ = {
			isa = PBXGroup;
			children = (
				F0010000000000000000001E /* MindMapEditorScreen.swift */,
				F0010000000000000000001F /* MindMapsListScreen.swift */,
			);
			path = MindMaps;
			sourceTree = "<group>";
		};
		G00100000000000000000012 /* Rooms */ = {
			isa = PBXGroup;
			children = (
				F00100000000000000000020 /* RoomsListScreen.swift */,
				F00100000000000000000021 /* RoomViewScreen.swift */,
			);
			path = Rooms;
			sourceTree = "<group>";
		};
		G00100000000000000000013 /* Settings */ = {
			isa = PBXGroup;
			children = (
				F00100000000000000000022 /* SettingsTab.swift */,
			);
			path = Settings;
			sourceTree = "<group>";
		};
		G00100000000000000000014 /* Universes */ = {
			isa = PBXGroup;
			children = (
				F00100000000000000000023 /* UniverseContentScreen.swift */,
				F00100000000000000000024 /* UniverseRow.swift */,
				F00100000000000000000025 /* UniversesTab.swift */,
			);
			path = Universes;
			sourceTree = "<group>";
		};
		G00100000000000000000015 /* Components */ = {
			isa = PBXGroup;
			children = (
				F00100000000000000000008 /* SferaTextFieldStyle.swift */,
			);
			path = Components;
			sourceTree = "<group>";
		};
/* End PBXGroup section */

/* Begin PBXNativeTarget section */
		A1B2C3D4E5F60718293A4B5C6 /* SFERA */ = {
			isa = PBXNativeTarget;
			buildConfigurationList = C00100000000000000000002 /* Build configuration list for PBXNativeTarget "SFERA" */;
			buildPhases = (
				S00100000000000000000001 /* Sources */,
				E00100000000000000000001 /* Frameworks */,
				R00100000000000000000001 /* Resources */,
			);
			buildRules = (
			);
			dependencies = (
			);
			name = SFERA;
			productName = SFERA;
			productReference = P00100000000000000000001 /* SFERA.app */;
			productType = "com.apple.product-type.application";
		};
/* End PBXNativeTarget section */

/* Begin PBXProject section */
		P00100000000000000000002 /* Project object */ = {
			isa = PBXProject;
			attributes = {
				BuildIndependentTargetsInParallel = 1;
				LastSwiftUpdateCheck = 1500;
				LastUpgradeCheck = 1500;
			};
			buildConfigurationList = C00100000000000000000001 /* Build configuration list for PBXProject "SFERA" */;
			compatibilityVersion = "Xcode 14.0";
			developmentRegion = en;
			hasScannedForEncodings = 0;
			knownRegions = (
				en,
				Base,
				ru,
			);
			mainGroup = G00100000000000000000001;
			productRefGroup = G00100000000000000000001;
			projectDirPath = "";
			projectRoot = "";
			targets = (
				A1B2C3D4E5F60718293A4B5C6 /* SFERA */,
			);
		};
/* End PBXProject section */

/* Begin PBXResourcesBuildPhase section */
		R00100000000000000000001 /* Resources */ = {
			isa = PBXResourcesBuildPhase;
			buildActionMask = 2147483647;
			files = (
			);
			runOnlyForDeploymentPostprocessing = 0;
		};
/* End PBXResourcesBuildPhase section */

/* Begin PBXSourcesBuildPhase section */
		S00100000000000000000001 /* Sources */ = {
			isa = PBXSourcesBuildPhase;
			buildActionMask = 2147483647;
			files = (
				B00100000000000000000001 /* SFERAApp.swift in Sources */,
				B00100000000000000000002 /* ContentView.swift in Sources */,
				B00100000000000000000003 /* Config.swift in Sources */,
				B00100000000000000000004 /* AuthManager.swift in Sources */,
				B00100000000000000000005 /* KeychainStorage.swift in Sources */,
				B00100000000000000000006 /* DesignTokens.swift in Sources */,
				B00100000000000000000007 /* ThemeManager.swift in Sources */,
				B00100000000000000000008 /* SferaTextFieldStyle.swift in Sources */,
				B00100000000000000000009 /* APIClient.swift in Sources */,
				B0010000000000000000000A /* AuthService.swift in Sources */,
				B0010000000000000000000B /* ContentService.swift in Sources */,
				B0010000000000000000000C /* DigestService.swift in Sources */,
				B0010000000000000000000D /* MeService.swift in Sources */,
				B0010000000000000000000E /* MessagesService.swift in Sources */,
				B0010000000000000000000F /* MindMapsService.swift in Sources */,
				B00100000000000000000010 /* NotificationsService.swift in Sources */,
				B00100000000000000000011 /* RoomsService.swift in Sources */,
				B00100000000000000000012 /* UniversesService.swift in Sources */,
				B00100000000000000000013 /* WebSocketService.swift in Sources */,
				B00100000000000000000014 /* SignInView.swift in Sources */,
				B00100000000000000000015 /* ContentCardView.swift in Sources */,
				B00100000000000000000016 /* ContentDetailScreen.swift in Sources */,
				B00100000000000000000017 /* DigestTab.swift in Sources */,
				B00100000000000000000018 /* MeContentScreen.swift in Sources */,
				B00100000000000000000019 /* MeTab.swift in Sources */,
				B0010000000000000000001A /* UserContentCardView.swift in Sources */,
				B0010000000000000000001B /* DMChatScreen.swift in Sources */,
				B0010000000000000000001C /* GroupChatScreen.swift in Sources */,
				B0010000000000000000001D /* MessagesTab.swift in Sources */,
				B0010000000000000000001E /* MindMapEditorScreen.swift in Sources */,
				B0010000000000000000001F /* MindMapsListScreen.swift in Sources */,
				B00100000000000000000020 /* RoomsListScreen.swift in Sources */,
				B00100000000000000000021 /* RoomViewScreen.swift in Sources */,
				B00100000000000000000022 /* SettingsTab.swift in Sources */,
				B00100000000000000000023 /* UniverseContentScreen.swift in Sources */,
				B00100000000000000000024 /* UniverseRow.swift in Sources */,
				B00100000000000000000025 /* UniversesTab.swift in Sources */,
				B00100000000000000000026 /* Content.swift in Sources */,
				B00100000000000000000027 /* Digest.swift in Sources */,
				B00100000000000000000028 /* Message.swift in Sources */,
				B00100000000000000000029 /* MindMap.swift in Sources */,
				B0010000000000000000002A /* Room.swift in Sources */,
				B0010000000000000000002B /* Universe.swift in Sources */,
				B0010000000000000000002C /* SferaLogoView.swift in Sources */,
			);
			runOnlyForDeploymentPostprocessing = 0;
		};
/* End PBXSourcesBuildPhase section */

/* Begin XCBuildConfiguration section */
		C00100000000000000000003 /* Debug */ = {
			isa = XCBuildConfiguration;
			buildSettings = {
				ALWAYS_SEARCH_USER_PATHS = NO;
				ASSETCATALOG_COMPILER_GENERATE_SWIFT_ASSET_SYMBOL_EXTENSIONS = YES;
				CLANG_ANALYZER_NONNULL = YES;
				CLANG_ENABLE_MODULES = YES;
				CLANG_ENABLE_OBJC_ARC = YES;
				CODE_SIGNING_ALLOWED = NO;
				CODE_SIGN_IDENTITY = "";
				COPY_PHASE_STRIP = NO;
				DEBUG_INFORMATION_FORMAT = dwarf;
				ENABLE_STRICT_OBJC_MSGSEND = YES;
				ENABLE_TESTABILITY = YES;
				GCC_DYNAMIC_NO_PIC = NO;
				GCC_OPTIMIZATION_LEVEL = 0;
				GCC_PREPROCESSOR_DEFINITIONS = (
					"DEBUG=1",
					"$(inherited)",
				);
				IPHONEOS_DEPLOYMENT_TARGET = 17.0;
				MTL_ENABLE_DEBUG_INFO = INCLUDE_SOURCE;
				MTL_FAST_MATH = YES;
				ONLY_ACTIVE_ARCH = YES;
				SDKROOT = iphoneos;
				SWIFT_ACTIVE_COMPILATION_CONDITIONS = DEBUG;
				SWIFT_OPTIMIZATION_LEVEL = "-Onone";
			};
			name = Debug;
		};
		C00100000000000000000004 /* Release */ = {
			isa = XCBuildConfiguration;
			buildSettings = {
				ALWAYS_SEARCH_USER_PATHS = NO;
				ASSETCATALOG_COMPILER_GENERATE_SWIFT_ASSET_SYMBOL_EXTENSIONS = YES;
				CLANG_ANALYZER_NONNULL = YES;
				CLANG_ENABLE_MODULES = YES;
				CLANG_ENABLE_OBJC_ARC = YES;
				CODE_SIGNING_ALLOWED = NO;
				CODE_SIGN_IDENTITY = "";
				COPY_PHASE_STRIP = NO;
				DEBUG_INFORMATION_FORMAT = "dwarf-with-dsym";
				ENABLE_NS_ASSERTIONS = NO;
				ENABLE_STRICT_OBJC_MSGSEND = YES;
				GCC_OPTIMIZATION_LEVEL = s;
				IPHONEOS_DEPLOYMENT_TARGET = 17.0;
				MTL_ENABLE_DEBUG_INFO = NO;
				MTL_FAST_MATH = YES;
				SDKROOT = iphoneos;
				SWIFT_COMPILATION_MODE = wholemodule;
				VALIDATE_PRODUCT = YES;
			};
			name = Release;
		};
		C00100000000000000000005 /* Debug */ = {
			isa = XCBuildConfiguration;
			buildSettings = {
				ASSETCATALOG_COMPILER_APPICON_NAME = AppIcon;
				ASSETCATALOG_COMPILER_GLOBAL_ACCENT_COLOR_NAME = AccentColor;
				CODE_SIGNING_ALLOWED = NO;
				CODE_SIGN_STYLE = Automatic;
				CURRENT_PROJECT_VERSION = 1;
				DEVELOPMENT_ASSET_PATHS = "";
				ENABLE_PREVIEWS = YES;
				GENERATE_INFOPLIST_FILE = YES;
				INFOPLIST_KEY_UIApplicationSceneManifest_Generation = YES;
				INFOPLIST_KEY_UIApplicationSupportsIndirectInputEvents = YES;
				INFOPLIST_KEY_UILaunchScreen_Generation = YES;
				INFOPLIST_KEY_UISupportedInterfaceOrientations_iPad = "UIInterfaceOrientationPortrait UIInterfaceOrientationPortraitUpsideDown UIInterfaceOrientationLandscapeLeft UIInterfaceOrientationLandscapeRight";
				INFOPLIST_KEY_UISupportedInterfaceOrientations_iPhone = "UIInterfaceOrientationPortrait UIInterfaceOrientationLandscapeLeft UIInterfaceOrientationLandscapeRight";
				LD_RUNPATH_SEARCH_PATHS = (
					"$(inherited)",
					"@executable_path/Frameworks",
				);
				MARKETING_VERSION = 1.0;
				PRODUCT_BUNDLE_IDENTIFIER = com.sfera.app;
				PRODUCT_NAME = "$(TARGET_NAME)";
				SWIFT_EMIT_LOC_STRINGS = YES;
				SWIFT_VERSION = 5.0;
				TARGETED_DEVICE_FAMILY = "1,2";
			};
			name = Debug;
		};
		C00100000000000000000006 /* Release */ = {
			isa = XCBuildConfiguration;
			buildSettings = {
				ASSETCATALOG_COMPILER_APPICON_NAME = AppIcon;
				ASSETCATALOG_COMPILER_GLOBAL_ACCENT_COLOR_NAME = AccentColor;
				CODE_SIGNING_ALLOWED = NO;
				CODE_SIGN_STYLE = Automatic;
				CURRENT_PROJECT_VERSION = 1;
				DEVELOPMENT_ASSET_PATHS = "";
				ENABLE_PREVIEWS = YES;
				GENERATE_INFOPLIST_FILE = YES;
				INFOPLIST_KEY_UIApplicationSceneManifest_Generation = YES;
				INFOPLIST_KEY_UIApplicationSupportsIndirectInputEvents = YES;
				INFOPLIST_KEY_UILaunchScreen_Generation = YES;
				INFOPLIST_KEY_UISupportedInterfaceOrientations_iPad = "UIInterfaceOrientationPortrait UIInterfaceOrientationPortraitUpsideDown UIInterfaceOrientationLandscapeLeft UIInterfaceOrientationLandscapeRight";
				INFOPLIST_KEY_UISupportedInterfaceOrientations_iPhone = "UIInterfaceOrientationPortrait UIInterfaceOrientationLandscapeLeft UIInterfaceOrientationLandscapeRight";
				LD_RUNPATH_SEARCH_PATHS = (
					"$(inherited)",
					"@executable_path/Frameworks",
				);
				MARKETING_VERSION = 1.0;
				PRODUCT_BUNDLE_IDENTIFIER = com.sfera.app;
				PRODUCT_NAME = "$(TARGET_NAME)";
				SWIFT_EMIT_LOC_STRINGS = YES;
				SWIFT_VERSION = 5.0;
				TARGETED_DEVICE_FAMILY = "1,2";
			};
			name = Release;
		};
/* End XCBuildConfiguration section */

/* Begin XCConfigurationList section */
		C00100000000000000000001 /* Build configuration list for PBXProject "SFERA" */ = {
			isa = XCConfigurationList;
			buildConfigurations = (
				C00100000000000000000003 /* Debug */,
				C00100000000000000000004 /* Release */,
			);
			defaultConfigurationIsVisible = 0;
			defaultConfigurationName = Release;
		};
		C00100000000000000000002 /* Build configuration list for PBXNativeTarget "SFERA" */ = {
			isa = XCConfigurationList;
			buildConfigurations = (
				C00100000000000000000005 /* Debug */,
				C00100000000000000000006 /* Release */,
			);
			defaultConfigurationIsVisible = 0;
			defaultConfigurationName = Release;
		};
/* End XCConfigurationList section */
	};
	rootObject = P00100000000000000000002 /* Project object */;
}
